# Fully pinned development toolchain for Python 3.12.
# Regenerate deliberately when tool versions are upgraded.
colorama==0.4.6 ; sys_platform == "win32"
hypothesis==6.138.2
iniconfig==2.1.0
mypy==1.17.1
mypy-extensions==1.1.0
packaging==25.0
pathspec==0.12.1
pluggy==1.6.0
pygments==2.19.2
pytest==8.4.1
ruff==0.12.9
setuptools==80.9.0
sortedcontainers==2.4.0
typing-extensions==4.14.1
